{
  "name": "fx",
  "version": "1.0.0",
  "lockfileVersion": 1,
  "requires": true,
  "dependencies": {
    "@babel/runtime-corejs3": {
      "version": "7.14.0",
      "resolved": "https://registry.npmjs.org/@babel/runtime-corejs3/-/runtime-corejs3-7.14.0.tgz",
      "integrity": "sha512-0R0HTZWHLk6G8jIk0FtoX+AatCtKnswS98VhXwGImFc759PJRp4Tru0PQYZofyijTFUr+gT8Mu7sgXVJLQ0ceg==",
      "requires": {
        "core-js-pure": "^3.0.0",
        "regenerator-runtime": "^0.13.4"
      }
    },
    "core-js-pure": {
      "version": "3.14.0",
      "resolved": "https://registry.npmjs.org/core-js-pure/-/core-js-pure-3.14.0.tgz",
      "integrity": "sha512-YVh+LN2FgNU0odThzm61BsdkwrbrchumFq3oztnE9vTKC4KS2fvnPmcx8t6jnqAyOTCTF4ZSiuK8Qhh7SNcL4g=="
    },
    "fxjs": {
      "version": "0.21.2",
      "resolved": "https://registry.npmjs.org/fxjs/-/fxjs-0.21.2.tgz",
      "integrity": "sha512-z2xKidvz1boRjB5HEGI8AEW4/HyWYUMSio+Xj6zcC1ehpkuTuCk+TIL5mvkMR1TmR8gAVjiAnNr6xWaIYs/IaQ==",
      "requires": {
        "@babel/runtime-corejs3": "^7.13.7"
      }
    },
    "moment": {
      "version": "2.29.1",
      "resolved": "https://registry.npmjs.org/moment/-/moment-2.29.1.tgz",
      "integrity": "sha512-kHmoybcPV8Sqy59DwNDY3Jefr64lK/by/da0ViFcuA4DH0vQg5Q6Ze5VimxkfQNSC+Mls/Kx53s7TjP1RhFEDQ=="
    },
    "regenerator-runtime": {
      "version": "0.13.7",
      "resolved": "https://registry.npmjs.org/regenerator-runtime/-/regenerator-runtime-0.13.7.tgz",
      "integrity": "sha512-a54FxoJDIr27pgf7IgeQGxmqUNYrcV338lf/6gH456HZ/PhX+5BcwHXG9ajESmwe6WRO0tAzRUrRmNONWgkrew=="
    }
  }
}
